
Microsoft Visual Studio Solution File, Format Version 12.00
# Visual Studio Version 17
VisualStudioVersion = 17.3.32929.385
MinimumVisualStudioVersion = 10.0.40219.1
Project("{9A19103F-16F7-4668-BE54-9A1E7A4F7556}") = "Day1", "src\Day1\Day1.csproj", "{C4D24CED-7162-44C3-B901-5FC6FF7B4AAC}"
EndProject
Project("{2150E333-8FDC-42A3-9474-1A3956D46DE8}") = "src", "src", "{DD9E1D25-E0F2-4427-9CDE-7A35051C722E}"
EndProject
Project("{2150E333-8FDC-42A3-9474-1A3956D46DE8}") = "test", "test", "{E0ACA749-FD45-4E52-830D-44C21124895A}"
EndProject
Project("{9A19103F-16F7-4668-BE54-9A1E7A4F7556}") = "Day1.Test", "test\Day1.Test\Day1.Test.csproj", "{64CB0713-9538-4285-900D-BE8613D012F4}"
EndProject
Project("{9A19103F-16F7-4668-BE54-9A1E7A4F7556}") = "Utils", "Utils\Utils.csproj", "{1FBEDFCD-32D6-4F86-9395-75D497BBB681}"
EndProject
Project("{9A19103F-16F7-4668-BE54-9A1E7A4F7556}") = "Day2.Test", "test\Day2.Test\Day2.Test.csproj", "{AE8F8B49-B7D5-417D-800C-26E141F92681}"
EndProject
Project("{9A19103F-16F7-4668-BE54-9A1E7A4F7556}") = "Day2", "src\Day2\Day2.csproj", "{308FC5DC-3CA6-44A4-8CAF-5B6F0D5DDFAB}"
EndProject
Project("{FAE04EC0-301F-11D3-BF4B-00C04F79EFBC}") = "Day3", "src\Day3\Day3.csproj", "{94CE0FD9-16D5-470E-A379-25BF89332769}"
EndProject
Project("{FAE04EC0-301F-11D3-BF4B-00C04F79EFBC}") = "Day3.Test", "test\Day3.Test\Day3.Test.csproj", "{3B12F101-CBF7-40C8-AA41-87FFB2D9B495}"
EndProject
Global
	GlobalSection(SolutionConfigurationPlatforms) = preSolution
		Debug|Any CPU = Debug|Any CPU
		Release|Any CPU = Release|Any CPU
	EndGlobalSection
	GlobalSection(ProjectConfigurationPlatforms) = postSolution
		{C4D24CED-7162-44C3-B901-5FC6FF7B4AAC}.Debug|Any CPU.ActiveCfg = Debug|Any CPU
		{C4D24CED-7162-44C3-B901-5FC6FF7B4AAC}.Debug|Any CPU.Build.0 = Debug|Any CPU
		{C4D24CED-7162-44C3-B901-5FC6FF7B4AAC}.Release|Any CPU.ActiveCfg = Release|Any CPU
		{C4D24CED-7162-44C3-B901-5FC6FF7B4AAC}.Release|Any CPU.Build.0 = Release|Any CPU
		{64CB0713-9538-4285-900D-BE8613D012F4}.Debug|Any CPU.ActiveCfg = Debug|Any CPU
		{64CB0713-9538-4285-900D-BE8613D012F4}.Debug|Any CPU.Build.0 = Debug|Any CPU
		{64CB0713-9538-4285-900D-BE8613D012F4}.Release|Any CPU.ActiveCfg = Release|Any CPU
		{64CB0713-9538-4285-900D-BE8613D012F4}.Release|Any CPU.Build.0 = Release|Any CPU
		{1FBEDFCD-32D6-4F86-9395-75D497BBB681}.Debug|Any CPU.ActiveCfg = Debug|Any CPU
		{1FBEDFCD-32D6-4F86-9395-75D497BBB681}.Debug|Any CPU.Build.0 = Debug|Any CPU
		{1FBEDFCD-32D6-4F86-9395-75D497BBB681}.Release|Any CPU.ActiveCfg = Release|Any CPU
		{1FBEDFCD-32D6-4F86-9395-75D497BBB681}.Release|Any CPU.Build.0 = Release|Any CPU
		{AE8F8B49-B7D5-417D-800C-26E141F92681}.Debug|Any CPU.ActiveCfg = Debug|Any CPU
		{AE8F8B49-B7D5-417D-800C-26E141F92681}.Debug|Any CPU.Build.0 = Debug|Any CPU
		{AE8F8B49-B7D5-417D-800C-26E141F92681}.Release|Any CPU.ActiveCfg = Release|Any CPU
		{AE8F8B49-B7D5-417D-800C-26E141F92681}.Release|Any CPU.Build.0 = Release|Any CPU
		{308FC5DC-3CA6-44A4-8CAF-5B6F0D5DDFAB}.Debug|Any CPU.ActiveCfg = Debug|Any CPU
		{308FC5DC-3CA6-44A4-8CAF-5B6F0D5DDFAB}.Debug|Any CPU.Build.0 = Debug|Any CPU
		{308FC5DC-3CA6-44A4-8CAF-5B6F0D5DDFAB}.Release|Any CPU.ActiveCfg = Release|Any CPU
		{308FC5DC-3CA6-44A4-8CAF-5B6F0D5DDFAB}.Release|Any CPU.Build.0 = Release|Any CPU
		{94CE0FD9-16D5-470E-A379-25BF89332769}.Debug|Any CPU.ActiveCfg = Debug|Any CPU
		{94CE0FD9-16D5-470E-A379-25BF89332769}.Debug|Any CPU.Build.0 = Debug|Any CPU
		{94CE0FD9-16D5-470E-A379-25BF89332769}.Release|Any CPU.ActiveCfg = Release|Any CPU
		{94CE0FD9-16D5-470E-A379-25BF89332769}.Release|Any CPU.Build.0 = Release|Any CPU
		{3B12F101-CBF7-40C8-AA41-87FFB2D9B495}.Debug|Any CPU.ActiveCfg = Debug|Any CPU
		{3B12F101-CBF7-40C8-AA41-87FFB2D9B495}.Debug|Any CPU.Build.0 = Debug|Any CPU
		{3B12F101-CBF7-40C8-AA41-87FFB2D9B495}.Release|Any CPU.ActiveCfg = Release|Any CPU
		{3B12F101-CBF7-40C8-AA41-87FFB2D9B495}.Release|Any CPU.Build.0 = Release|Any CPU
	EndGlobalSection
	GlobalSection(SolutionProperties) = preSolution
		HideSolutionNode = FALSE
	EndGlobalSection
	GlobalSection(NestedProjects) = preSolution
		{C4D24CED-7162-44C3-B901-5FC6FF7B4AAC} = {DD9E1D25-E0F2-4427-9CDE-7A35051C722E}
		{64CB0713-9538-4285-900D-BE8613D012F4} = {E0ACA749-FD45-4E52-830D-44C21124895A}
		{1FBEDFCD-32D6-4F86-9395-75D497BBB681} = {E0ACA749-FD45-4E52-830D-44C21124895A}
		{AE8F8B49-B7D5-417D-800C-26E141F92681} = {E0ACA749-FD45-4E52-830D-44C21124895A}
		{308FC5DC-3CA6-44A4-8CAF-5B6F0D5DDFAB} = {DD9E1D25-E0F2-4427-9CDE-7A35051C722E}
		{94CE0FD9-16D5-470E-A379-25BF89332769} = {DD9E1D25-E0F2-4427-9CDE-7A35051C722E}
		{3B12F101-CBF7-40C8-AA41-87FFB2D9B495} = {E0ACA749-FD45-4E52-830D-44C21124895A}
	EndGlobalSection
	GlobalSection(ExtensibilityGlobals) = postSolution
		SolutionGuid = {D2438608-F2EC-46D0-B28C-DC2FEA599344}
	EndGlobalSection
EndGlobal
